
Microsoft Visual Studio Solution File, Format Version 12.00
# Visual Studio Version 17
VisualStudioVersion = 17.6.33829.357
MinimumVisualStudioVersion = 10.0.40219.1
Project("{FAE04EC0-301F-11D3-BF4B-00C04F79EFBC}") = "BusApp", "BusApp.csproj", "{C44F3002-E126-45EA-B25F-B1656525051F}"
EndProject
Global
	GlobalSection(SolutionConfigurationPlatforms) = preSolution
		Debug|Any CPU = Debug|Any CPU
		Release|Any CPU = Release|Any CPU
	EndGlobalSection
	GlobalSection(ProjectConfigurationPlatforms) = postSolution
		{C44F3002-E126-45EA-B25F-B1656525051F}.Debug|Any CPU.ActiveCfg = Debug|Any CPU
		{C44F3002-E126-45EA-B25F-B1656525051F}.Debug|Any CPU.Build.0 = Debug|Any CPU
		{C44F3002-E126-45EA-B25F-B1656525051F}.Release|Any CPU.ActiveCfg = Release|Any CPU
		{C44F3002-E126-45EA-B25F-B1656525051F}.Release|Any CPU.Build.0 = Release|Any CPU
	EndGlobalSection
	GlobalSection(SolutionProperties) = preSolution
		HideSolutionNode = FALSE
	EndGlobalSection
	GlobalSection(ExtensibilityGlobals) = postSolution
		SolutionGuid = {67D9E7E6-6DB7-4B97-A94C-94A344C9309D}
	EndGlobalSection
EndGlobal
